<?xml version="1.0" encoding="utf-8"?>
<Project ToolsVersion="4.0" xmlns="http://schemas.microsoft.com/developer/msbuild/2003">
  <ItemGroup>
    <Filter Include="Source Files">
      <UniqueIdentifier>{4FC737F1-C7A5-4376-A066-2A32D752A2FF}</UniqueIdentifier>
      <Extensions>cpp;c;cc;cxx;def;odl;idl;hpj;bat;asm;asmx</Extensions>
    </Filter>
    <Filter Include="Header Files">
      <UniqueIdentifier>{93995380-89BD-4b04-88EB-625FBE52EBFB}</UniqueIdentifier>
      <Extensions>h;hh;hpp;hxx;hm;inl;inc;xsd</Extensions>
    </Filter>
    <Filter Include="Resource Files">
      <UniqueIdentifier>{67DA6AB6-F800-4c08-8B7A-83BB121AAD01}</UniqueIdentifier>
      <Extensions>rc;ico;cur;bmp;dlg;rc2;rct;bin;rgs;gif;jpg;jpeg;jpe;resx;tiff;tif;png;wav;mfcribbon-ms</Extensions>
    </Filter>
    <Filter Include="Generated Files">
      <UniqueIdentifier>{c1a7c13b-4fe5-4dfc-bf51-b1c96ae3874a}</UniqueIdentifier>
      <SourceControlFiles>False</SourceControlFiles>
    </Filter>
    <Filter Include="Common">
      <UniqueIdentifier>{f13f9f4a-cead-410e-96db-f36f0e16d296}</UniqueIdentifier>
    </Filter>
    <Filter Include="Configuration Files">
      <UniqueIdentifier>{f3132c8d-19fc-4cc2-b887-eca6091b7217}</UniqueIdentifier>
    </Filter>
  </ItemGroup>
  <ItemGroup>
    <ClCompile Include="stdafx.cpp">
      <Filter>Source Files</Filter>
    </ClCompile>
    <ClCompile Include="DataSyncService.cpp">
      <Filter>Source Files</Filter>
    </ClCompile>
    <ClCompile Include="DataSyncService_i.c">
      <Filter>Generated Files</Filter>
    </ClCompile>
    <ClCompile Include="MyDB.cpp">
      <Filter>Source Files</Filter>
    </ClCompile>
    <ClCompile Include="OPCClient.cpp">
      <Filter>Source Files</Filter>
    </ClCompile>
    <ClCompile Include="SysParams.cpp">
      <Filter>Source Files</Filter>
    </ClCompile>
    <ClCompile Include="ThreadFunctions.cpp">
      <Filter>Source Files</Filter>
    </ClCompile>
    <ClCompile Include="datasink20.cpp">
      <Filter>Source Files</Filter>
    </ClCompile>
    <ClCompile Include="TimerTask.cpp">
      <Filter>Source Files</Filter>
    </ClCompile>
    <ClCompile Include="TimerTaskManager.cpp">
      <Filter>Source Files</Filter>
    </ClCompile>
    <ClCompile Include="..\Common\RegistryOperator.cpp">
      <Filter>Common</Filter>
    </ClCompile>
    <ClCompile Include="..\Common\DBUtil.cpp">
      <Filter>Common</Filter>
    </ClCompile>
    <ClCompile Include="..\Common\LogUtil.cpp">
      <Filter>Common</Filter>
    </ClCompile>
    <ClCompile Include="..\Common\ProfileOperator.cpp">
      <Filter>Common</Filter>
    </ClCompile>
    <ClCompile Include="..\Common\StrUtil.cpp">
      <Filter>Common</Filter>
    </ClCompile>
  </ItemGroup>
  <ItemGroup>
    <ClInclude Include="stdafx.h">
      <Filter>Header Files</Filter>
    </ClInclude>
    <ClInclude Include="targetver.h">
      <Filter>Header Files</Filter>
    </ClInclude>
    <ClInclude Include="Resource.h">
      <Filter>Header Files</Filter>
    </ClInclude>
    <ClInclude Include="DataSyncService_i.h">
      <Filter>Generated Files</Filter>
    </ClInclude>
    <ClInclude Include="MyDB.h">
      <Filter>Header Files</Filter>
    </ClInclude>
    <ClInclude Include="OPCClient.h">
      <Filter>Header Files</Filter>
    </ClInclude>
    <ClInclude Include="SysParams.h">
      <Filter>Header Files</Filter>
    </ClInclude>
    <ClInclude Include="ThreadFunctions.h">
      <Filter>Header Files</Filter>
    </ClInclude>
    <ClInclude Include="datasink20.h">
      <Filter>Header Files</Filter>
    </ClInclude>
    <ClInclude Include="Constants.h">
      <Filter>Header Files</Filter>
    </ClInclude>
    <ClInclude Include="TimerTask.h">
      <Filter>Header Files</Filter>
    </ClInclude>
    <ClInclude Include="TimerTaskManager.h">
      <Filter>Header Files</Filter>
    </ClInclude>
    <ClInclude Include="..\Common\RegistryOperator.h">
      <Filter>Common</Filter>
    </ClInclude>
    <ClInclude Include="..\Common\ContainerUtil.h">
      <Filter>Common</Filter>
    </ClInclude>
    <ClInclude Include="..\Common\DBUtil.h">
      <Filter>Common</Filter>
    </ClInclude>
    <ClInclude Include="..\Common\LogUtil.h">
      <Filter>Common</Filter>
    </ClInclude>
    <ClInclude Include="..\Common\ProfileOperator.h">
      <Filter>Common</Filter>
    </ClInclude>
    <ClInclude Include="..\Common\StrUtil.h">
      <Filter>Common</Filter>
    </ClInclude>
    <ClInclude Include="..\Common\Logger.h">
      <Filter>Common</Filter>
    </ClInclude>
  </ItemGroup>
  <ItemGroup>
    <ResourceCompile Include="DataSyncService.rc">
      <Filter>Resource Files</Filter>
    </ResourceCompile>
  </ItemGroup>
  <ItemGroup>
    <Text Include="ReadMe.txt" />
  </ItemGroup>
  <ItemGroup>
    <None Include="DataSyncService.rgs">
      <Filter>Resource Files</Filter>
    </None>
    <None Include="TimerTasks.ini">
      <Filter>Configuration Files</Filter>
    </None>
    <None Include="DataSyncService.ini">
      <Filter>Configuration Files</Filter>
    </None>
    <None Include="log4cplus.ini">
      <Filter>Configuration Files</Filter>
    </None>
  </ItemGroup>
  <ItemGroup>
    <Midl Include="DataSyncService.idl">
      <Filter>Source Files</Filter>
    </Midl>
  </ItemGroup>
</Project>