<?xml version="1.0" encoding="utf-8"?>
<Project ToolsVersion="4.0" xmlns="http://schemas.microsoft.com/developer/msbuild/2003">
  <ItemGroup>
    <Filter Include="Source Files">
      <UniqueIdentifier>{46292f4b-5486-491f-8e21-7a4159fc30a6}</UniqueIdentifier>
    </Filter>
    <Filter Include="Generated Files">
      <UniqueIdentifier>{42057acc-14f7-4fba-8bff-13bc93888141}</UniqueIdentifier>
      <SourceControlFiles>False</SourceControlFiles>
    </Filter>
  </ItemGroup>
  <ItemGroup>
    <None Include="DataSyncServiceps.def" />
  </ItemGroup>
  <ItemGroup>
    <ClCompile Include="DataSyncService_i.c">
      <Filter>Generated Files</Filter>
    </ClCompile>
    <ClCompile Include="DataSyncService_p.c">
      <Filter>Generated Files</Filter>
    </ClCompile>
    <ClCompile Include="dlldata.c">
      <Filter>Generated Files</Filter>
    </ClCompile>
  </ItemGroup>
</Project>