
Microsoft Visual Studio Solution File, Format Version 12.00
# Visual Studio 14
VisualStudioVersion = 14.0.25123.0
MinimumVisualStudioVersion = 10.0.40219.1
Project("{8BC9CEB8-8B4A-11D0-8D11-00A0C91BC942}") = "DataSyncService", "DataSyncService\DataSyncService.vcxproj", "{1E5764D6-7ECA-44E0-B641-AC041449ED0D}"
EndProject
Project("{8BC9CEB8-8B4A-11D0-8D11-00A0C91BC942}") = "DataSyncServicePS", "DataSyncService\DataSyncServicePS.vcxproj", "{250991CB-9153-483F-8BF8-EB71D9970DFB}"
	ProjectSection(ProjectDependencies) = postProject
		{1E5764D6-7ECA-44E0-B641-AC041449ED0D} = {1E5764D6-7ECA-44E0-B641-AC041449ED0D}
	EndProjectSection
EndProject
Project("{FAE04EC0-301F-11D3-BF4B-00C04F79EFBC}") = "EBoard", "EBoard\EBoard.csproj", "{F263D1D7-4FA4-43B1-B097-84D34802ED44}"
EndProject
Global
	GlobalSection(SolutionConfigurationPlatforms) = preSolution
		Debug|Any CPU = Debug|Any CPU
		Debug|Mixed Platforms = Debug|Mixed Platforms
		Debug|Win32 = Debug|Win32
		Release MinDependency|Any CPU = Release MinDependency|Any CPU
		Release MinDependency|Mixed Platforms = Release MinDependency|Mixed Platforms
		Release MinDependency|Win32 = Release MinDependency|Win32
		Release MinSize|Any CPU = Release MinSize|Any CPU
		Release MinSize|Mixed Platforms = Release MinSize|Mixed Platforms
		Release MinSize|Win32 = Release MinSize|Win32
		Release|Any CPU = Release|Any CPU
		Release|Mixed Platforms = Release|Mixed Platforms
		Release|Win32 = Release|Win32
		Unicode Debug|Any CPU = Unicode Debug|Any CPU
		Unicode Debug|Mixed Platforms = Unicode Debug|Mixed Platforms
		Unicode Debug|Win32 = Unicode Debug|Win32
		Unicode Release MinDependency|Any CPU = Unicode Release MinDependency|Any CPU
		Unicode Release MinDependency|Mixed Platforms = Unicode Release MinDependency|Mixed Platforms
		Unicode Release MinDependency|Win32 = Unicode Release MinDependency|Win32
		Unicode Release MinSize|Any CPU = Unicode Release MinSize|Any CPU
		Unicode Release MinSize|Mixed Platforms = Unicode Release MinSize|Mixed Platforms
		Unicode Release MinSize|Win32 = Unicode Release MinSize|Win32
	EndGlobalSection
	GlobalSection(ProjectConfigurationPlatforms) = postSolution
		{1E5764D6-7ECA-44E0-B641-AC041449ED0D}.Debug|Any CPU.ActiveCfg = Debug|Win32
		{1E5764D6-7ECA-44E0-B641-AC041449ED0D}.Debug|Mixed Platforms.ActiveCfg = Debug|Win32
		{1E5764D6-7ECA-44E0-B641-AC041449ED0D}.Debug|Mixed Platforms.Build.0 = Debug|Win32
		{1E5764D6-7ECA-44E0-B641-AC041449ED0D}.Debug|Win32.ActiveCfg = Debug|Win32
		{1E5764D6-7ECA-44E0-B641-AC041449ED0D}.Debug|Win32.Build.0 = Debug|Win32
		{1E5764D6-7ECA-44E0-B641-AC041449ED0D}.Release MinDependency|Any CPU.ActiveCfg = Release|Win32
		{1E5764D6-7ECA-44E0-B641-AC041449ED0D}.Release MinDependency|Mixed Platforms.ActiveCfg = Release|Win32
		{1E5764D6-7ECA-44E0-B641-AC041449ED0D}.Release MinDependency|Mixed Platforms.Build.0 = Release|Win32
		{1E5764D6-7ECA-44E0-B641-AC041449ED0D}.Release MinDependency|Win32.ActiveCfg = Release|Win32
		{1E5764D6-7ECA-44E0-B641-AC041449ED0D}.Release MinDependency|Win32.Build.0 = Release|Win32
		{1E5764D6-7ECA-44E0-B641-AC041449ED0D}.Release MinSize|Any CPU.ActiveCfg = Release|Win32
		{1E5764D6-7ECA-44E0-B641-AC041449ED0D}.Release MinSize|Mixed Platforms.ActiveCfg = Release|Win32
		{1E5764D6-7ECA-44E0-B641-AC041449ED0D}.Release MinSize|Mixed Platforms.Build.0 = Release|Win32
		{1E5764D6-7ECA-44E0-B641-AC041449ED0D}.Release MinSize|Win32.ActiveCfg = Release|Win32
		{1E5764D6-7ECA-44E0-B641-AC041449ED0D}.Release MinSize|Win32.Build.0 = Release|Win32
		{1E5764D6-7ECA-44E0-B641-AC041449ED0D}.Release|Any CPU.ActiveCfg = Release|Win32
		{1E5764D6-7ECA-44E0-B641-AC041449ED0D}.Release|Mixed Platforms.ActiveCfg = Release|Win32
		{1E5764D6-7ECA-44E0-B641-AC041449ED0D}.Release|Mixed Platforms.Build.0 = Release|Win32
		{1E5764D6-7ECA-44E0-B641-AC041449ED0D}.Release|Win32.ActiveCfg = Release|Win32
		{1E5764D6-7ECA-44E0-B641-AC041449ED0D}.Release|Win32.Build.0 = Release|Win32
		{1E5764D6-7ECA-44E0-B641-AC041449ED0D}.Unicode Debug|Any CPU.ActiveCfg = Debug|Win32
		{1E5764D6-7ECA-44E0-B641-AC041449ED0D}.Unicode Debug|Mixed Platforms.ActiveCfg = Debug|Win32
		{1E5764D6-7ECA-44E0-B641-AC041449ED0D}.Unicode Debug|Mixed Platforms.Build.0 = Debug|Win32
		{1E5764D6-7ECA-44E0-B641-AC041449ED0D}.Unicode Debug|Win32.ActiveCfg = Debug|Win32
		{1E5764D6-7ECA-44E0-B641-AC041449ED0D}.Unicode Debug|Win32.Build.0 = Debug|Win32
		{1E5764D6-7ECA-44E0-B641-AC041449ED0D}.Unicode Release MinDependency|Any CPU.ActiveCfg = Release|Win32
		{1E5764D6-7ECA-44E0-B641-AC041449ED0D}.Unicode Release MinDependency|Mixed Platforms.ActiveCfg = Release|Win32
		{1E5764D6-7ECA-44E0-B641-AC041449ED0D}.Unicode Release MinDependency|Mixed Platforms.Build.0 = Release|Win32
		{1E5764D6-7ECA-44E0-B641-AC041449ED0D}.Unicode Release MinDependency|Win32.ActiveCfg = Release|Win32
		{1E5764D6-7ECA-44E0-B641-AC041449ED0D}.Unicode Release MinDependency|Win32.Build.0 = Release|Win32
		{1E5764D6-7ECA-44E0-B641-AC041449ED0D}.Unicode Release MinSize|Any CPU.ActiveCfg = Release|Win32
		{1E5764D6-7ECA-44E0-B641-AC041449ED0D}.Unicode Release MinSize|Mixed Platforms.ActiveCfg = Release|Win32
		{1E5764D6-7ECA-44E0-B641-AC041449ED0D}.Unicode Release MinSize|Mixed Platforms.Build.0 = Release|Win32
		{1E5764D6-7ECA-44E0-B641-AC041449ED0D}.Unicode Release MinSize|Win32.ActiveCfg = Release|Win32
		{1E5764D6-7ECA-44E0-B641-AC041449ED0D}.Unicode Release MinSize|Win32.Build.0 = Release|Win32
		{250991CB-9153-483F-8BF8-EB71D9970DFB}.Debug|Any CPU.ActiveCfg = Debug|Win32
		{250991CB-9153-483F-8BF8-EB71D9970DFB}.Debug|Mixed Platforms.ActiveCfg = Debug|Win32
		{250991CB-9153-483F-8BF8-EB71D9970DFB}.Debug|Win32.ActiveCfg = Debug|Win32
		{250991CB-9153-483F-8BF8-EB71D9970DFB}.Release MinDependency|Any CPU.ActiveCfg = Release|Win32
		{250991CB-9153-483F-8BF8-EB71D9970DFB}.Release MinDependency|Mixed Platforms.ActiveCfg = Release|Win32
		{250991CB-9153-483F-8BF8-EB71D9970DFB}.Release MinDependency|Mixed Platforms.Build.0 = Release|Win32
		{250991CB-9153-483F-8BF8-EB71D9970DFB}.Release MinDependency|Win32.ActiveCfg = Release|Win32
		{250991CB-9153-483F-8BF8-EB71D9970DFB}.Release MinSize|Any CPU.ActiveCfg = Release|Win32
		{250991CB-9153-483F-8BF8-EB71D9970DFB}.Release MinSize|Mixed Platforms.ActiveCfg = Release|Win32
		{250991CB-9153-483F-8BF8-EB71D9970DFB}.Release MinSize|Mixed Platforms.Build.0 = Release|Win32
		{250991CB-9153-483F-8BF8-EB71D9970DFB}.Release MinSize|Win32.ActiveCfg = Release|Win32
		{250991CB-9153-483F-8BF8-EB71D9970DFB}.Release|Any CPU.ActiveCfg = Release|Win32
		{250991CB-9153-483F-8BF8-EB71D9970DFB}.Release|Mixed Platforms.ActiveCfg = Release|Win32
		{250991CB-9153-483F-8BF8-EB71D9970DFB}.Release|Mixed Platforms.Build.0 = Release|Win32
		{250991CB-9153-483F-8BF8-EB71D9970DFB}.Release|Win32.ActiveCfg = Release|Win32
		{250991CB-9153-483F-8BF8-EB71D9970DFB}.Unicode Debug|Any CPU.ActiveCfg = Debug|Win32
		{250991CB-9153-483F-8BF8-EB71D9970DFB}.Unicode Debug|Mixed Platforms.ActiveCfg = Debug|Win32
		{250991CB-9153-483F-8BF8-EB71D9970DFB}.Unicode Debug|Mixed Platforms.Build.0 = Debug|Win32
		{250991CB-9153-483F-8BF8-EB71D9970DFB}.Unicode Debug|Win32.ActiveCfg = Debug|Win32
		{250991CB-9153-483F-8BF8-EB71D9970DFB}.Unicode Release MinDependency|Any CPU.ActiveCfg = Release|Win32
		{250991CB-9153-483F-8BF8-EB71D9970DFB}.Unicode Release MinDependency|Mixed Platforms.ActiveCfg = Release|Win32
		{250991CB-9153-483F-8BF8-EB71D9970DFB}.Unicode Release MinDependency|Mixed Platforms.Build.0 = Release|Win32
		{250991CB-9153-483F-8BF8-EB71D9970DFB}.Unicode Release MinDependency|Win32.ActiveCfg = Release|Win32
		{250991CB-9153-483F-8BF8-EB71D9970DFB}.Unicode Release MinSize|Any CPU.ActiveCfg = Release|Win32
		{250991CB-9153-483F-8BF8-EB71D9970DFB}.Unicode Release MinSize|Mixed Platforms.ActiveCfg = Release|Win32
		{250991CB-9153-483F-8BF8-EB71D9970DFB}.Unicode Release MinSize|Mixed Platforms.Build.0 = Release|Win32
		{250991CB-9153-483F-8BF8-EB71D9970DFB}.Unicode Release MinSize|Win32.ActiveCfg = Release|Win32
		{F263D1D7-4FA4-43B1-B097-84D34802ED44}.Debug|Any CPU.ActiveCfg = Debug|Any CPU
		{F263D1D7-4FA4-43B1-B097-84D34802ED44}.Debug|Any CPU.Build.0 = Debug|Any CPU
		{F263D1D7-4FA4-43B1-B097-84D34802ED44}.Debug|Mixed Platforms.ActiveCfg = Debug|Any CPU
		{F263D1D7-4FA4-43B1-B097-84D34802ED44}.Debug|Mixed Platforms.Build.0 = Debug|Any CPU
		{F263D1D7-4FA4-43B1-B097-84D34802ED44}.Debug|Win32.ActiveCfg = Debug|Any CPU
		{F263D1D7-4FA4-43B1-B097-84D34802ED44}.Release MinDependency|Any CPU.ActiveCfg = Release|Any CPU
		{F263D1D7-4FA4-43B1-B097-84D34802ED44}.Release MinDependency|Any CPU.Build.0 = Release|Any CPU
		{F263D1D7-4FA4-43B1-B097-84D34802ED44}.Release MinDependency|Mixed Platforms.ActiveCfg = Release|Any CPU
		{F263D1D7-4FA4-43B1-B097-84D34802ED44}.Release MinDependency|Mixed Platforms.Build.0 = Release|Any CPU
		{F263D1D7-4FA4-43B1-B097-84D34802ED44}.Release MinDependency|Win32.ActiveCfg = Release|Any CPU
		{F263D1D7-4FA4-43B1-B097-84D34802ED44}.Release MinSize|Any CPU.ActiveCfg = Release|Any CPU
		{F263D1D7-4FA4-43B1-B097-84D34802ED44}.Release MinSize|Any CPU.Build.0 = Release|Any CPU
		{F263D1D7-4FA4-43B1-B097-84D34802ED44}.Release MinSize|Mixed Platforms.ActiveCfg = Release|Any CPU
		{F263D1D7-4FA4-43B1-B097-84D34802ED44}.Release MinSize|Mixed Platforms.Build.0 = Release|Any CPU
		{F263D1D7-4FA4-43B1-B097-84D34802ED44}.Release MinSize|Win32.ActiveCfg = Release|Any CPU
		{F263D1D7-4FA4-43B1-B097-84D34802ED44}.Release|Any CPU.ActiveCfg = Release|Any CPU
		{F263D1D7-4FA4-43B1-B097-84D34802ED44}.Release|Any CPU.Build.0 = Release|Any CPU
		{F263D1D7-4FA4-43B1-B097-84D34802ED44}.Release|Mixed Platforms.ActiveCfg = Release|Any CPU
		{F263D1D7-4FA4-43B1-B097-84D34802ED44}.Release|Mixed Platforms.Build.0 = Release|Any CPU
		{F263D1D7-4FA4-43B1-B097-84D34802ED44}.Release|Win32.ActiveCfg = Release|Any CPU
		{F263D1D7-4FA4-43B1-B097-84D34802ED44}.Unicode Debug|Any CPU.ActiveCfg = Debug|Any CPU
		{F263D1D7-4FA4-43B1-B097-84D34802ED44}.Unicode Debug|Any CPU.Build.0 = Debug|Any CPU
		{F263D1D7-4FA4-43B1-B097-84D34802ED44}.Unicode Debug|Mixed Platforms.ActiveCfg = Debug|Any CPU
		{F263D1D7-4FA4-43B1-B097-84D34802ED44}.Unicode Debug|Mixed Platforms.Build.0 = Debug|Any CPU
		{F263D1D7-4FA4-43B1-B097-84D34802ED44}.Unicode Debug|Win32.ActiveCfg = Debug|Any CPU
		{F263D1D7-4FA4-43B1-B097-84D34802ED44}.Unicode Release MinDependency|Any CPU.ActiveCfg = Release|Any CPU
		{F263D1D7-4FA4-43B1-B097-84D34802ED44}.Unicode Release MinDependency|Any CPU.Build.0 = Release|Any CPU
		{F263D1D7-4FA4-43B1-B097-84D34802ED44}.Unicode Release MinDependency|Mixed Platforms.ActiveCfg = Release|Any CPU
		{F263D1D7-4FA4-43B1-B097-84D34802ED44}.Unicode Release MinDependency|Mixed Platforms.Build.0 = Release|Any CPU
		{F263D1D7-4FA4-43B1-B097-84D34802ED44}.Unicode Release MinDependency|Win32.ActiveCfg = Release|Any CPU
		{F263D1D7-4FA4-43B1-B097-84D34802ED44}.Unicode Release MinSize|Any CPU.ActiveCfg = Release|Any CPU
		{F263D1D7-4FA4-43B1-B097-84D34802ED44}.Unicode Release MinSize|Any CPU.Build.0 = Release|Any CPU
		{F263D1D7-4FA4-43B1-B097-84D34802ED44}.Unicode Release MinSize|Mixed Platforms.ActiveCfg = Release|Any CPU
		{F263D1D7-4FA4-43B1-B097-84D34802ED44}.Unicode Release MinSize|Mixed Platforms.Build.0 = Release|Any CPU
		{F263D1D7-4FA4-43B1-B097-84D34802ED44}.Unicode Release MinSize|Win32.ActiveCfg = Release|Any CPU
	EndGlobalSection
	GlobalSection(SolutionProperties) = preSolution
		HideSolutionNode = FALSE
	EndGlobalSection
EndGlobal
